
Microsoft Visual Studio Solution File, Format Version 12.00
# Visual Studio 14
VisualStudioVersion = 14.0.25420.1
MinimumVisualStudioVersion = 10.0.40219.1
Project("{FAE04EC0-301F-11D3-BF4B-00C04F79EFBC}") = "ForeingExchangeWin2.Android", "ForeingExchangeWin2\ForeingExchangeWin2.Android\ForeingExchangeWin2.Android.csproj", "{342F9987-7913-43BF-BC58-6C3A3322EB2E}"
EndProject
Project("{FAE04EC0-301F-11D3-BF4B-00C04F79EFBC}") = "ForeingExchangeWin2", "ForeingExchangeWin2\ForeingExchangeWin2\ForeingExchangeWin2.csproj", "{5D146BAA-1FFE-4AA7-80B9-B504B93B27CF}"
EndProject
Project("{FAE04EC0-301F-11D3-BF4B-00C04F79EFBC}") = "ForeingExchangeWin2.UWP", "ForeingExchangeWin2\ForeingExchangeWin2.UWP\ForeingExchangeWin2.UWP.csproj", "{5F886A18-8CF7-45E5-ABCB-6CE4C3B62D5D}"
EndProject
Project("{FAE04EC0-301F-11D3-BF4B-00C04F79EFBC}") = "ForeingExchangeWin2.iOS", "ForeingExchangeWin2\ForeingExchangeWin2.iOS\ForeingExchangeWin2.iOS.csproj", "{ADC4FC0A-67BA-49AA-99B4-B9C55AB94047}"
EndProject
Global
	GlobalSection(SolutionConfigurationPlatforms) = preSolution
		Ad-Hoc|Any CPU = Ad-Hoc|Any CPU
		Ad-Hoc|ARM = Ad-Hoc|ARM
		Ad-Hoc|iPhone = Ad-Hoc|iPhone
		Ad-Hoc|iPhoneSimulator = Ad-Hoc|iPhoneSimulator
		Ad-Hoc|x64 = Ad-Hoc|x64
		Ad-Hoc|x86 = Ad-Hoc|x86
		AppStore|Any CPU = AppStore|Any CPU
		AppStore|ARM = AppStore|ARM
		AppStore|iPhone = AppStore|iPhone
		AppStore|iPhoneSimulator = AppStore|iPhoneSimulator
		AppStore|x64 = AppStore|x64
		AppStore|x86 = AppStore|x86
		Debug|Any CPU = Debug|Any CPU
		Debug|ARM = Debug|ARM
		Debug|iPhone = Debug|iPhone
		Debug|iPhoneSimulator = Debug|iPhoneSimulator
		Debug|x64 = Debug|x64
		Debug|x86 = Debug|x86
		Release|Any CPU = Release|Any CPU
		Release|ARM = Release|ARM
		Release|iPhone = Release|iPhone
		Release|iPhoneSimulator = Release|iPhoneSimulator
		Release|x64 = Release|x64
		Release|x86 = Release|x86
	EndGlobalSection
	GlobalSection(ProjectConfigurationPlatforms) = postSolution
		{342F9987-7913-43BF-BC58-6C3A3322EB2E}.Ad-Hoc|Any CPU.ActiveCfg = Release|Any CPU
		{342F9987-7913-43BF-BC58-6C3A3322EB2E}.Ad-Hoc|Any CPU.Build.0 = Release|Any CPU
		{342F9987-7913-43BF-BC58-6C3A3322EB2E}.Ad-Hoc|Any CPU.Deploy.0 = Release|Any CPU
		{342F9987-7913-43BF-BC58-6C3A3322EB2E}.Ad-Hoc|ARM.ActiveCfg = Release|Any CPU
		{342F9987-7913-43BF-BC58-6C3A3322EB2E}.Ad-Hoc|ARM.Build.0 = Release|Any CPU
		{342F9987-7913-43BF-BC58-6C3A3322EB2E}.Ad-Hoc|ARM.Deploy.0 = Release|Any CPU
		{342F9987-7913-43BF-BC58-6C3A3322EB2E}.Ad-Hoc|iPhone.ActiveCfg = Release|Any CPU
		{342F9987-7913-43BF-BC58-6C3A3322EB2E}.Ad-Hoc|iPhone.Build.0 = Release|Any CPU
		{342F9987-7913-43BF-BC58-6C3A3322EB2E}.Ad-Hoc|iPhone.Deploy.0 = Release|Any CPU
		{342F9987-7913-43BF-BC58-6C3A3322EB2E}.Ad-Hoc|iPhoneSimulator.ActiveCfg = Release|Any CPU
		{342F9987-7913-43BF-BC58-6C3A3322EB2E}.Ad-Hoc|iPhoneSimulator.Build.0 = Release|Any CPU
		{342F9987-7913-43BF-BC58-6C3A3322EB2E}.Ad-Hoc|iPhoneSimulator.Deploy.0 = Release|Any CPU
		{342F9987-7913-43BF-BC58-6C3A3322EB2E}.Ad-Hoc|x64.ActiveCfg = Release|Any CPU
		{342F9987-7913-43BF-BC58-6C3A3322EB2E}.Ad-Hoc|x64.Build.0 = Release|Any CPU
		{342F9987-7913-43BF-BC58-6C3A3322EB2E}.Ad-Hoc|x64.Deploy.0 = Release|Any CPU
		{342F9987-7913-43BF-BC58-6C3A3322EB2E}.Ad-Hoc|x86.ActiveCfg = Release|Any CPU
		{342F9987-7913-43BF-BC58-6C3A3322EB2E}.Ad-Hoc|x86.Build.0 = Release|Any CPU
		{342F9987-7913-43BF-BC58-6C3A3322EB2E}.Ad-Hoc|x86.Deploy.0 = Release|Any CPU
		{342F9987-7913-43BF-BC58-6C3A3322EB2E}.AppStore|Any CPU.ActiveCfg = Release|Any CPU
		{342F9987-7913-43BF-BC58-6C3A3322EB2E}.AppStore|Any CPU.Build.0 = Release|Any CPU
		{342F9987-7913-43BF-BC58-6C3A3322EB2E}.AppStore|Any CPU.Deploy.0 = Release|Any CPU
		{342F9987-7913-43BF-BC58-6C3A3322EB2E}.AppStore|ARM.ActiveCfg = Release|Any CPU
		{342F9987-7913-43BF-BC58-6C3A3322EB2E}.AppStore|ARM.Build.0 = Release|Any CPU
		{342F9987-7913-43BF-BC58-6C3A3322EB2E}.AppStore|ARM.Deploy.0 = Release|Any CPU
		{342F9987-7913-43BF-BC58-6C3A3322EB2E}.AppStore|iPhone.ActiveCfg = Release|Any CPU
		{342F9987-7913-43BF-BC58-6C3A3322EB2E}.AppStore|iPhone.Build.0 = Release|Any CPU
		{342F9987-7913-43BF-BC58-6C3A3322EB2E}.AppStore|iPhone.Deploy.0 = Release|Any CPU
		{342F9987-7913-43BF-BC58-6C3A3322EB2E}.AppStore|iPhoneSimulator.ActiveCfg = Release|Any CPU
		{342F9987-7913-43BF-BC58-6C3A3322EB2E}.AppStore|iPhoneSimulator.Build.0 = Release|Any CPU
		{342F9987-7913-43BF-BC58-6C3A3322EB2E}.AppStore|iPhoneSimulator.Deploy.0 = Release|Any CPU
		{342F9987-7913-43BF-BC58-6C3A3322EB2E}.AppStore|x64.ActiveCfg = Release|Any CPU
		{342F9987-7913-43BF-BC58-6C3A3322EB2E}.AppStore|x64.Build.0 = Release|Any CPU
		{342F9987-7913-43BF-BC58-6C3A3322EB2E}.AppStore|x64.Deploy.0 = Release|Any CPU
		{342F9987-7913-43BF-BC58-6C3A3322EB2E}.AppStore|x86.ActiveCfg = Release|Any CPU
		{342F9987-7913-43BF-BC58-6C3A3322EB2E}.AppStore|x86.Build.0 = Release|Any CPU
		{342F9987-7913-43BF-BC58-6C3A3322EB2E}.AppStore|x86.Deploy.0 = Release|Any CPU
		{342F9987-7913-43BF-BC58-6C3A3322EB2E}.Debug|Any CPU.ActiveCfg = Debug|Any CPU
		{342F9987-7913-43BF-BC58-6C3A3322EB2E}.Debug|Any CPU.Build.0 = Debug|Any CPU
		{342F9987-7913-43BF-BC58-6C3A3322EB2E}.Debug|Any CPU.Deploy.0 = Debug|Any CPU
		{342F9987-7913-43BF-BC58-6C3A3322EB2E}.Debug|ARM.ActiveCfg = Debug|Any CPU
		{342F9987-7913-43BF-BC58-6C3A3322EB2E}.Debug|ARM.Build.0 = Debug|Any CPU
		{342F9987-7913-43BF-BC58-6C3A3322EB2E}.Debug|ARM.Deploy.0 = Debug|Any CPU
		{342F9987-7913-43BF-BC58-6C3A3322EB2E}.Debug|iPhone.ActiveCfg = Debug|Any CPU
		{342F9987-7913-43BF-BC58-6C3A3322EB2E}.Debug|iPhone.Build.0 = Debug|Any CPU
		{342F9987-7913-43BF-BC58-6C3A3322EB2E}.Debug|iPhone.Deploy.0 = Debug|Any CPU
		{342F9987-7913-43BF-BC58-6C3A3322EB2E}.Debug|iPhoneSimulator.ActiveCfg = Debug|Any CPU
		{342F9987-7913-43BF-BC58-6C3A3322EB2E}.Debug|iPhoneSimulator.Build.0 = Debug|Any CPU
		{342F9987-7913-43BF-BC58-6C3A3322EB2E}.Debug|iPhoneSimulator.Deploy.0 = Debug|Any CPU
		{342F9987-7913-43BF-BC58-6C3A3322EB2E}.Debug|x64.ActiveCfg = Debug|Any CPU
		{342F9987-7913-43BF-BC58-6C3A3322EB2E}.Debug|x64.Build.0 = Debug|Any CPU
		{342F9987-7913-43BF-BC58-6C3A3322EB2E}.Debug|x64.Deploy.0 = Debug|Any CPU
		{342F9987-7913-43BF-BC58-6C3A3322EB2E}.Debug|x86.ActiveCfg = Debug|Any CPU
		{342F9987-7913-43BF-BC58-6C3A3322EB2E}.Debug|x86.Build.0 = Debug|Any CPU
		{342F9987-7913-43BF-BC58-6C3A3322EB2E}.Debug|x86.Deploy.0 = Debug|Any CPU
		{342F9987-7913-43BF-BC58-6C3A3322EB2E}.Release|Any CPU.ActiveCfg = Release|Any CPU
		{342F9987-7913-43BF-BC58-6C3A3322EB2E}.Release|Any CPU.Build.0 = Release|Any CPU
		{342F9987-7913-43BF-BC58-6C3A3322EB2E}.Release|Any CPU.Deploy.0 = Release|Any CPU
		{342F9987-7913-43BF-BC58-6C3A3322EB2E}.Release|ARM.ActiveCfg = Release|Any CPU
		{342F9987-7913-43BF-BC58-6C3A3322EB2E}.Release|ARM.Build.0 = Release|Any CPU
		{342F9987-7913-43BF-BC58-6C3A3322EB2E}.Release|ARM.Deploy.0 = Release|Any CPU
		{342F9987-7913-43BF-BC58-6C3A3322EB2E}.Release|iPhone.ActiveCfg = Release|Any CPU
		{342F9987-7913-43BF-BC58-6C3A3322EB2E}.Release|iPhone.Build.0 = Release|Any CPU
		{342F9987-7913-43BF-BC58-6C3A3322EB2E}.Release|iPhone.Deploy.0 = Release|Any CPU
		{342F9987-7913-43BF-BC58-6C3A3322EB2E}.Release|iPhoneSimulator.ActiveCfg = Release|Any CPU
		{342F9987-7913-43BF-BC58-6C3A3322EB2E}.Release|iPhoneSimulator.Build.0 = Release|Any CPU
		{342F9987-7913-43BF-BC58-6C3A3322EB2E}.Release|iPhoneSimulator.Deploy.0 = Release|Any CPU
		{342F9987-7913-43BF-BC58-6C3A3322EB2E}.Release|x64.ActiveCfg = Release|Any CPU
		{342F9987-7913-43BF-BC58-6C3A3322EB2E}.Release|x64.Build.0 = Release|Any CPU
		{342F9987-7913-43BF-BC58-6C3A3322EB2E}.Release|x64.Deploy.0 = Release|Any CPU
		{342F9987-7913-43BF-BC58-6C3A3322EB2E}.Release|x86.ActiveCfg = Release|Any CPU
		{342F9987-7913-43BF-BC58-6C3A3322EB2E}.Release|x86.Build.0 = Release|Any CPU
		{342F9987-7913-43BF-BC58-6C3A3322EB2E}.Release|x86.Deploy.0 = Release|Any CPU
		{5D146BAA-1FFE-4AA7-80B9-B504B93B27CF}.Ad-Hoc|Any CPU.ActiveCfg = Release|Any CPU
		{5D146BAA-1FFE-4AA7-80B9-B504B93B27CF}.Ad-Hoc|Any CPU.Build.0 = Release|Any CPU
		{5D146BAA-1FFE-4AA7-80B9-B504B93B27CF}.Ad-Hoc|ARM.ActiveCfg = Release|Any CPU
		{5D146BAA-1FFE-4AA7-80B9-B504B93B27CF}.Ad-Hoc|ARM.Build.0 = Release|Any CPU
		{5D146BAA-1FFE-4AA7-80B9-B504B93B27CF}.Ad-Hoc|iPhone.ActiveCfg = Release|Any CPU
		{5D146BAA-1FFE-4AA7-80B9-B504B93B27CF}.Ad-Hoc|iPhone.Build.0 = Release|Any CPU
		{5D146BAA-1FFE-4AA7-80B9-B504B93B27CF}.Ad-Hoc|iPhoneSimulator.ActiveCfg = Release|Any CPU
		{5D146BAA-1FFE-4AA7-80B9-B504B93B27CF}.Ad-Hoc|iPhoneSimulator.Build.0 = Release|Any CPU
		{5D146BAA-1FFE-4AA7-80B9-B504B93B27CF}.Ad-Hoc|x64.ActiveCfg = Release|Any CPU
		{5D146BAA-1FFE-4AA7-80B9-B504B93B27CF}.Ad-Hoc|x64.Build.0 = Release|Any CPU
		{5D146BAA-1FFE-4AA7-80B9-B504B93B27CF}.Ad-Hoc|x86.ActiveCfg = Release|Any CPU
		{5D146BAA-1FFE-4AA7-80B9-B504B93B27CF}.Ad-Hoc|x86.Build.0 = Release|Any CPU
		{5D146BAA-1FFE-4AA7-80B9-B504B93B27CF}.AppStore|Any CPU.ActiveCfg = Release|Any CPU
		{5D146BAA-1FFE-4AA7-80B9-B504B93B27CF}.AppStore|Any CPU.Build.0 = Release|Any CPU
		{5D146BAA-1FFE-4AA7-80B9-B504B93B27CF}.AppStore|ARM.ActiveCfg = Release|Any CPU
		{5D146BAA-1FFE-4AA7-80B9-B504B93B27CF}.AppStore|ARM.Build.0 = Release|Any CPU
		{5D146BAA-1FFE-4AA7-80B9-B504B93B27CF}.AppStore|iPhone.ActiveCfg = Release|Any CPU
		{5D146BAA-1FFE-4AA7-80B9-B504B93B27CF}.AppStore|iPhone.Build.0 = Release|Any CPU
		{5D146BAA-1FFE-4AA7-80B9-B504B93B27CF}.AppStore|iPhoneSimulator.ActiveCfg = Release|Any CPU
		{5D146BAA-1FFE-4AA7-80B9-B504B93B27CF}.AppStore|iPhoneSimulator.Build.0 = Release|Any CPU
		{5D146BAA-1FFE-4AA7-80B9-B504B93B27CF}.AppStore|x64.ActiveCfg = Release|Any CPU
		{5D146BAA-1FFE-4AA7-80B9-B504B93B27CF}.AppStore|x64.Build.0 = Release|Any CPU
		{5D146BAA-1FFE-4AA7-80B9-B504B93B27CF}.AppStore|x86.ActiveCfg = Release|Any CPU
		{5D146BAA-1FFE-4AA7-80B9-B504B93B27CF}.AppStore|x86.Build.0 = Release|Any CPU
		{5D146BAA-1FFE-4AA7-80B9-B504B93B27CF}.Debug|Any CPU.ActiveCfg = Debug|Any CPU
		{5D146BAA-1FFE-4AA7-80B9-B504B93B27CF}.Debug|Any CPU.Build.0 = Debug|Any CPU
		{5D146BAA-1FFE-4AA7-80B9-B504B93B27CF}.Debug|ARM.ActiveCfg = Debug|Any CPU
		{5D146BAA-1FFE-4AA7-80B9-B504B93B27CF}.Debug|ARM.Build.0 = Debug|Any CPU
		{5D146BAA-1FFE-4AA7-80B9-B504B93B27CF}.Debug|iPhone.ActiveCfg = Debug|Any CPU
		{5D146BAA-1FFE-4AA7-80B9-B504B93B27CF}.Debug|iPhone.Build.0 = Debug|Any CPU
		{5D146BAA-1FFE-4AA7-80B9-B504B93B27CF}.Debug|iPhoneSimulator.ActiveCfg = Debug|Any CPU
		{5D146BAA-1FFE-4AA7-80B9-B504B93B27CF}.Debug|iPhoneSimulator.Build.0 = Debug|Any CPU
		{5D146BAA-1FFE-4AA7-80B9-B504B93B27CF}.Debug|x64.ActiveCfg = Debug|Any CPU
		{5D146BAA-1FFE-4AA7-80B9-B504B93B27CF}.Debug|x64.Build.0 = Debug|Any CPU
		{5D146BAA-1FFE-4AA7-80B9-B504B93B27CF}.Debug|x86.ActiveCfg = Debug|Any CPU
		{5D146BAA-1FFE-4AA7-80B9-B504B93B27CF}.Debug|x86.Build.0 = Debug|Any CPU
		{5D146BAA-1FFE-4AA7-80B9-B504B93B27CF}.Release|Any CPU.ActiveCfg = Release|Any CPU
		{5D146BAA-1FFE-4AA7-80B9-B504B93B27CF}.Release|Any CPU.Build.0 = Release|Any CPU
		{5D146BAA-1FFE-4AA7-80B9-B504B93B27CF}.Release|ARM.ActiveCfg = Release|Any CPU
		{5D146BAA-1FFE-4AA7-80B9-B504B93B27CF}.Release|ARM.Build.0 = Release|Any CPU
		{5D146BAA-1FFE-4AA7-80B9-B504B93B27CF}.Release|iPhone.ActiveCfg = Release|Any CPU
		{5D146BAA-1FFE-4AA7-80B9-B504B93B27CF}.Release|iPhone.Build.0 = Release|Any CPU
		{5D146BAA-1FFE-4AA7-80B9-B504B93B27CF}.Release|iPhoneSimulator.ActiveCfg = Release|Any CPU
		{5D146BAA-1FFE-4AA7-80B9-B504B93B27CF}.Release|iPhoneSimulator.Build.0 = Release|Any CPU
		{5D146BAA-1FFE-4AA7-80B9-B504B93B27CF}.Release|x64.ActiveCfg = Release|Any CPU
		{5D146BAA-1FFE-4AA7-80B9-B504B93B27CF}.Release|x64.Build.0 = Release|Any CPU
		{5D146BAA-1FFE-4AA7-80B9-B504B93B27CF}.Release|x86.ActiveCfg = Release|Any CPU
		{5D146BAA-1FFE-4AA7-80B9-B504B93B27CF}.Release|x86.Build.0 = Release|Any CPU
		{5F886A18-8CF7-45E5-ABCB-6CE4C3B62D5D}.Ad-Hoc|Any CPU.ActiveCfg = Release|x86
		{5F886A18-8CF7-45E5-ABCB-6CE4C3B62D5D}.Ad-Hoc|Any CPU.Build.0 = Release|x86
		{5F886A18-8CF7-45E5-ABCB-6CE4C3B62D5D}.Ad-Hoc|Any CPU.Deploy.0 = Release|x86
		{5F886A18-8CF7-45E5-ABCB-6CE4C3B62D5D}.Ad-Hoc|ARM.ActiveCfg = Release|ARM
		{5F886A18-8CF7-45E5-ABCB-6CE4C3B62D5D}.Ad-Hoc|ARM.Build.0 = Release|ARM
		{5F886A18-8CF7-45E5-ABCB-6CE4C3B62D5D}.Ad-Hoc|ARM.Deploy.0 = Release|ARM
		{5F886A18-8CF7-45E5-ABCB-6CE4C3B62D5D}.Ad-Hoc|iPhone.ActiveCfg = Release|x86
		{5F886A18-8CF7-45E5-ABCB-6CE4C3B62D5D}.Ad-Hoc|iPhone.Build.0 = Release|x86
		{5F886A18-8CF7-45E5-ABCB-6CE4C3B62D5D}.Ad-Hoc|iPhone.Deploy.0 = Release|x86
		{5F886A18-8CF7-45E5-ABCB-6CE4C3B62D5D}.Ad-Hoc|iPhoneSimulator.ActiveCfg = Release|x86
		{5F886A18-8CF7-45E5-ABCB-6CE4C3B62D5D}.Ad-Hoc|iPhoneSimulator.Build.0 = Release|x86
		{5F886A18-8CF7-45E5-ABCB-6CE4C3B62D5D}.Ad-Hoc|iPhoneSimulator.Deploy.0 = Release|x86
		{5F886A18-8CF7-45E5-ABCB-6CE4C3B62D5D}.Ad-Hoc|x64.ActiveCfg = Release|x64
		{5F886A18-8CF7-45E5-ABCB-6CE4C3B62D5D}.Ad-Hoc|x64.Build.0 = Release|x64
		{5F886A18-8CF7-45E5-ABCB-6CE4C3B62D5D}.Ad-Hoc|x64.Deploy.0 = Release|x64
		{5F886A18-8CF7-45E5-ABCB-6CE4C3B62D5D}.Ad-Hoc|x86.ActiveCfg = Release|x86
		{5F886A18-8CF7-45E5-ABCB-6CE4C3B62D5D}.Ad-Hoc|x86.Build.0 = Release|x86
		{5F886A18-8CF7-45E5-ABCB-6CE4C3B62D5D}.Ad-Hoc|x86.Deploy.0 = Release|x86
		{5F886A18-8CF7-45E5-ABCB-6CE4C3B62D5D}.AppStore|Any CPU.ActiveCfg = Release|x86
		{5F886A18-8CF7-45E5-ABCB-6CE4C3B62D5D}.AppStore|Any CPU.Build.0 = Release|x86
		{5F886A18-8CF7-45E5-ABCB-6CE4C3B62D5D}.AppStore|Any CPU.Deploy.0 = Release|x86
		{5F886A18-8CF7-45E5-ABCB-6CE4C3B62D5D}.AppStore|ARM.ActiveCfg = Release|ARM
		{5F886A18-8CF7-45E5-ABCB-6CE4C3B62D5D}.AppStore|ARM.Build.0 = Release|ARM
		{5F886A18-8CF7-45E5-ABCB-6CE4C3B62D5D}.AppStore|ARM.Deploy.0 = Release|ARM
		{5F886A18-8CF7-45E5-ABCB-6CE4C3B62D5D}.AppStore|iPhone.ActiveCfg = Release|x86
		{5F886A18-8CF7-45E5-ABCB-6CE4C3B62D5D}.AppStore|iPhone.Build.0 = Release|x86
		{5F886A18-8CF7-45E5-ABCB-6CE4C3B62D5D}.AppStore|iPhone.Deploy.0 = Release|x86
		{5F886A18-8CF7-45E5-ABCB-6CE4C3B62D5D}.AppStore|iPhoneSimulator.ActiveCfg = Release|x86
		{5F886A18-8CF7-45E5-ABCB-6CE4C3B62D5D}.AppStore|iPhoneSimulator.Build.0 = Release|x86
		{5F886A18-8CF7-45E5-ABCB-6CE4C3B62D5D}.AppStore|iPhoneSimulator.Deploy.0 = Release|x86
		{5F886A18-8CF7-45E5-ABCB-6CE4C3B62D5D}.AppStore|x64.ActiveCfg = Release|x64
		{5F886A18-8CF7-45E5-ABCB-6CE4C3B62D5D}.AppStore|x64.Build.0 = Release|x64
		{5F886A18-8CF7-45E5-ABCB-6CE4C3B62D5D}.AppStore|x64.Deploy.0 = Release|x64
		{5F886A18-8CF7-45E5-ABCB-6CE4C3B62D5D}.AppStore|x86.ActiveCfg = Release|x86
		{5F886A18-8CF7-45E5-ABCB-6CE4C3B62D5D}.AppStore|x86.Build.0 = Release|x86
		{5F886A18-8CF7-45E5-ABCB-6CE4C3B62D5D}.AppStore|x86.Deploy.0 = Release|x86
		{5F886A18-8CF7-45E5-ABCB-6CE4C3B62D5D}.Debug|Any CPU.ActiveCfg = Debug|x86
		{5F886A18-8CF7-45E5-ABCB-6CE4C3B62D5D}.Debug|Any CPU.Build.0 = Debug|x86
		{5F886A18-8CF7-45E5-ABCB-6CE4C3B62D5D}.Debug|Any CPU.Deploy.0 = Debug|x86
		{5F886A18-8CF7-45E5-ABCB-6CE4C3B62D5D}.Debug|ARM.ActiveCfg = Debug|ARM
		{5F886A18-8CF7-45E5-ABCB-6CE4C3B62D5D}.Debug|ARM.Build.0 = Debug|ARM
		{5F886A18-8CF7-45E5-ABCB-6CE4C3B62D5D}.Debug|ARM.Deploy.0 = Debug|ARM
		{5F886A18-8CF7-45E5-ABCB-6CE4C3B62D5D}.Debug|iPhone.ActiveCfg = Debug|x86
		{5F886A18-8CF7-45E5-ABCB-6CE4C3B62D5D}.Debug|iPhoneSimulator.ActiveCfg = Debug|x86
		{5F886A18-8CF7-45E5-ABCB-6CE4C3B62D5D}.Debug|x64.ActiveCfg = Debug|x64
		{5F886A18-8CF7-45E5-ABCB-6CE4C3B62D5D}.Debug|x64.Build.0 = Debug|x64
		{5F886A18-8CF7-45E5-ABCB-6CE4C3B62D5D}.Debug|x64.Deploy.0 = Debug|x64
		{5F886A18-8CF7-45E5-ABCB-6CE4C3B62D5D}.Debug|x86.ActiveCfg = Debug|x86
		{5F886A18-8CF7-45E5-ABCB-6CE4C3B62D5D}.Debug|x86.Build.0 = Debug|x86
		{5F886A18-8CF7-45E5-ABCB-6CE4C3B62D5D}.Debug|x86.Deploy.0 = Debug|x86
		{5F886A18-8CF7-45E5-ABCB-6CE4C3B62D5D}.Release|Any CPU.ActiveCfg = Release|x86
		{5F886A18-8CF7-45E5-ABCB-6CE4C3B62D5D}.Release|ARM.ActiveCfg = Release|ARM
		{5F886A18-8CF7-45E5-ABCB-6CE4C3B62D5D}.Release|ARM.Build.0 = Release|ARM
		{5F886A18-8CF7-45E5-ABCB-6CE4C3B62D5D}.Release|ARM.Deploy.0 = Release|ARM
		{5F886A18-8CF7-45E5-ABCB-6CE4C3B62D5D}.Release|iPhone.ActiveCfg = Release|x86
		{5F886A18-8CF7-45E5-ABCB-6CE4C3B62D5D}.Release|iPhoneSimulator.ActiveCfg = Release|x86
		{5F886A18-8CF7-45E5-ABCB-6CE4C3B62D5D}.Release|x64.ActiveCfg = Release|x64
		{5F886A18-8CF7-45E5-ABCB-6CE4C3B62D5D}.Release|x64.Build.0 = Release|x64
		{5F886A18-8CF7-45E5-ABCB-6CE4C3B62D5D}.Release|x64.Deploy.0 = Release|x64
		{5F886A18-8CF7-45E5-ABCB-6CE4C3B62D5D}.Release|x86.ActiveCfg = Release|x86
		{5F886A18-8CF7-45E5-ABCB-6CE4C3B62D5D}.Release|x86.Build.0 = Release|x86
		{5F886A18-8CF7-45E5-ABCB-6CE4C3B62D5D}.Release|x86.Deploy.0 = Release|x86
		{ADC4FC0A-67BA-49AA-99B4-B9C55AB94047}.Ad-Hoc|Any CPU.ActiveCfg = Ad-Hoc|iPhone
		{ADC4FC0A-67BA-49AA-99B4-B9C55AB94047}.Ad-Hoc|ARM.ActiveCfg = Ad-Hoc|iPhone
		{ADC4FC0A-67BA-49AA-99B4-B9C55AB94047}.Ad-Hoc|iPhone.ActiveCfg = Ad-Hoc|iPhone
		{ADC4FC0A-67BA-49AA-99B4-B9C55AB94047}.Ad-Hoc|iPhone.Build.0 = Ad-Hoc|iPhone
		{ADC4FC0A-67BA-49AA-99B4-B9C55AB94047}.Ad-Hoc|iPhoneSimulator.ActiveCfg = Ad-Hoc|iPhoneSimulator
		{ADC4FC0A-67BA-49AA-99B4-B9C55AB94047}.Ad-Hoc|iPhoneSimulator.Build.0 = Ad-Hoc|iPhoneSimulator
		{ADC4FC0A-67BA-49AA-99B4-B9C55AB94047}.Ad-Hoc|x64.ActiveCfg = Ad-Hoc|iPhone
		{ADC4FC0A-67BA-49AA-99B4-B9C55AB94047}.Ad-Hoc|x86.ActiveCfg = Ad-Hoc|iPhone
		{ADC4FC0A-67BA-49AA-99B4-B9C55AB94047}.AppStore|Any CPU.ActiveCfg = AppStore|iPhone
		{ADC4FC0A-67BA-49AA-99B4-B9C55AB94047}.AppStore|ARM.ActiveCfg = AppStore|iPhone
		{ADC4FC0A-67BA-49AA-99B4-B9C55AB94047}.AppStore|iPhone.ActiveCfg = AppStore|iPhone
		{ADC4FC0A-67BA-49AA-99B4-B9C55AB94047}.AppStore|iPhone.Build.0 = AppStore|iPhone
		{ADC4FC0A-67BA-49AA-99B4-B9C55AB94047}.AppStore|iPhoneSimulator.ActiveCfg = AppStore|iPhoneSimulator
		{ADC4FC0A-67BA-49AA-99B4-B9C55AB94047}.AppStore|iPhoneSimulator.Build.0 = AppStore|iPhoneSimulator
		{ADC4FC0A-67BA-49AA-99B4-B9C55AB94047}.AppStore|x64.ActiveCfg = AppStore|iPhone
		{ADC4FC0A-67BA-49AA-99B4-B9C55AB94047}.AppStore|x86.ActiveCfg = AppStore|iPhone
		{ADC4FC0A-67BA-49AA-99B4-B9C55AB94047}.Debug|Any CPU.ActiveCfg = Debug|iPhone
		{ADC4FC0A-67BA-49AA-99B4-B9C55AB94047}.Debug|ARM.ActiveCfg = Debug|iPhone
		{ADC4FC0A-67BA-49AA-99B4-B9C55AB94047}.Debug|iPhone.ActiveCfg = Debug|iPhone
		{ADC4FC0A-67BA-49AA-99B4-B9C55AB94047}.Debug|iPhone.Build.0 = Debug|iPhone
		{ADC4FC0A-67BA-49AA-99B4-B9C55AB94047}.Debug|iPhoneSimulator.ActiveCfg = Debug|iPhoneSimulator
		{ADC4FC0A-67BA-49AA-99B4-B9C55AB94047}.Debug|iPhoneSimulator.Build.0 = Debug|iPhoneSimulator
		{ADC4FC0A-67BA-49AA-99B4-B9C55AB94047}.Debug|x64.ActiveCfg = Debug|iPhone
		{ADC4FC0A-67BA-49AA-99B4-B9C55AB94047}.Debug|x86.ActiveCfg = Debug|iPhone
		{ADC4FC0A-67BA-49AA-99B4-B9C55AB94047}.Release|Any CPU.ActiveCfg = Release|iPhone
		{ADC4FC0A-67BA-49AA-99B4-B9C55AB94047}.Release|ARM.ActiveCfg = Release|iPhone
		{ADC4FC0A-67BA-49AA-99B4-B9C55AB94047}.Release|iPhone.ActiveCfg = Release|iPhone
		{ADC4FC0A-67BA-49AA-99B4-B9C55AB94047}.Release|iPhone.Build.0 = Release|iPhone
		{ADC4FC0A-67BA-49AA-99B4-B9C55AB94047}.Release|iPhoneSimulator.ActiveCfg = Release|iPhoneSimulator
		{ADC4FC0A-67BA-49AA-99B4-B9C55AB94047}.Release|iPhoneSimulator.Build.0 = Release|iPhoneSimulator
		{ADC4FC0A-67BA-49AA-99B4-B9C55AB94047}.Release|x64.ActiveCfg = Release|iPhone
		{ADC4FC0A-67BA-49AA-99B4-B9C55AB94047}.Release|x86.ActiveCfg = Release|iPhone
	EndGlobalSection
	GlobalSection(SolutionProperties) = preSolution
		HideSolutionNode = FALSE
	EndGlobalSection
EndGlobal
